
Microsoft Visual Studio Solution File, Format Version 12.00
# Visual Studio Version 16
VisualStudioVersion = 16.0.31105.61
MinimumVisualStudioVersion = 10.0.40219.1
Project("{FAE04EC0-301F-11D3-BF4B-00C04F79EFBC}") = "BirNotAPI", "BirNotAPI\BirNotAPI.csproj", "{BB561FD0-0799-4396-AE34-850920DB3684}"
EndProject
Project("{FAE04EC0-301F-11D3-BF4B-00C04F79EFBC}") = "BirNotUI", "BirNotUI\BirNotUI.csproj", "{5CC7BCDA-169E-4768-B5A1-A63C37225792}"
EndProject
Global
	GlobalSection(SolutionConfigurationPlatforms) = preSolution
		Debug|Any CPU = Debug|Any CPU
		Release|Any CPU = Release|Any CPU
	EndGlobalSection
	GlobalSection(ProjectConfigurationPlatforms) = postSolution
		{BB561FD0-0799-4396-AE34-850920DB3684}.Debug|Any CPU.ActiveCfg = Debug|Any CPU
		{BB561FD0-0799-4396-AE34-850920DB3684}.Debug|Any CPU.Build.0 = Debug|Any CPU
		{BB561FD0-0799-4396-AE34-850920DB3684}.Release|Any CPU.ActiveCfg = Release|Any CPU
		{BB561FD0-0799-4396-AE34-850920DB3684}.Release|Any CPU.Build.0 = Release|Any CPU
		{5CC7BCDA-169E-4768-B5A1-A63C37225792}.Debug|Any CPU.ActiveCfg = Debug|Any CPU
		{5CC7BCDA-169E-4768-B5A1-A63C37225792}.Debug|Any CPU.Build.0 = Debug|Any CPU
		{5CC7BCDA-169E-4768-B5A1-A63C37225792}.Release|Any CPU.ActiveCfg = Release|Any CPU
		{5CC7BCDA-169E-4768-B5A1-A63C37225792}.Release|Any CPU.Build.0 = Release|Any CPU
	EndGlobalSection
	GlobalSection(SolutionProperties) = preSolution
		HideSolutionNode = FALSE
	EndGlobalSection
	GlobalSection(ExtensibilityGlobals) = postSolution
		SolutionGuid = {A5F93A08-FA17-4283-8EFD-E6624F3EADC0}
	EndGlobalSection
EndGlobal
